<?xml version="1.0" encoding="utf-8"?>
<Project ToolsVersion="4.0" xmlns="http://schemas.microsoft.com/developer/msbuild/2003">
  <ItemGroup>
    <Filter Include="Default">
      <UniqueIdentifier>{27fadae0-4394-451c-a0be-dddae72f58dd}</UniqueIdentifier>
    </Filter>
    <Filter Include="Engine">
      <UniqueIdentifier>{908de627-883e-4922-81a8-35c181c16392}</UniqueIdentifier>
    </Filter>
    <Filter Include="Default\리소스 파일">
      <UniqueIdentifier>{67DA6AB6-F800-4c08-8B7A-83BB121AAD01}</UniqueIdentifier>
      <Extensions>rc;ico;cur;bmp;dlg;rc2;rct;bin;rgs;gif;jpg;jpeg;jpe;resx;tiff;tif;png;wav;mfcribbon-ms</Extensions>
    </Filter>
    <Filter Include="Engine\02 Core">
      <UniqueIdentifier>{9ea235ae-aa3a-4e59-ae8c-e5c7f058b140}</UniqueIdentifier>
    </Filter>
    <Filter Include="Engine\01 Header">
      <UniqueIdentifier>{4ef3f809-d0c6-457e-8950-253f49dc588a}</UniqueIdentifier>
    </Filter>
    <Filter Include="Engine\03 Manager">
      <UniqueIdentifier>{3b5cf23a-fa99-4285-8448-9c0b3be1518f}</UniqueIdentifier>
    </Filter>
    <Filter Include="Engine\04 Obejct">
      <UniqueIdentifier>{6b4c37a1-729e-4d65-a1af-e43e4ada317b}</UniqueIdentifier>
    </Filter>
    <Filter Include="Engine\03 Manager\KeyMgr">
      <UniqueIdentifier>{b2809664-077e-4c3c-9314-a2f9ebb44209}</UniqueIdentifier>
    </Filter>
    <Filter Include="Engine\03 Manager\TimeMgr">
      <UniqueIdentifier>{5320dbf5-cdc5-47ed-90d2-f76d2ca59dad}</UniqueIdentifier>
    </Filter>
    <Filter Include="Engine\05 Scene">
      <UniqueIdentifier>{94f2793e-4c19-4235-8b7f-bdb3e549f702}</UniqueIdentifier>
    </Filter>
    <Filter Include="Engine\05 Scene\Scene_Start">
      <UniqueIdentifier>{543a4730-1626-41de-93f2-a1f2b8f32426}</UniqueIdentifier>
    </Filter>
    <Filter Include="Engine\03 Manager\SceneMgr">
      <UniqueIdentifier>{29a65e2e-7d29-44e6-a0be-ff9c5c2ff2b0}</UniqueIdentifier>
    </Filter>
    <Filter Include="Engine\04 Obejct\Player">
      <UniqueIdentifier>{aae7543a-f447-48d5-81dc-459367bcd4be}</UniqueIdentifier>
    </Filter>
    <Filter Include="Engine\04 Obejct\Monster">
      <UniqueIdentifier>{e62b2534-dab6-48a5-82cf-5fadc26cb97a}</UniqueIdentifier>
    </Filter>
    <Filter Include="Engine\04 Obejct\Missile">
      <UniqueIdentifier>{c8b82780-bde9-4a20-b428-0cf1a52766a9}</UniqueIdentifier>
    </Filter>
    <Filter Include="Engine\06 Resource">
      <UniqueIdentifier>{554005f6-f1ae-4e70-9c96-a727982b45eb}</UniqueIdentifier>
    </Filter>
    <Filter Include="Engine\03 Manager\PathMgr">
      <UniqueIdentifier>{caac790d-053f-4845-8315-251f58187180}</UniqueIdentifier>
    </Filter>
    <Filter Include="Engine\06 Resource\Texture">
      <UniqueIdentifier>{3f2d0cca-2584-44f0-b661-86fa44d623fc}</UniqueIdentifier>
    </Filter>
    <Filter Include="Engine\03 Manager\ResMgr">
      <UniqueIdentifier>{571b0d3e-88b2-446e-aff0-f40a68546d67}</UniqueIdentifier>
    </Filter>
    <Filter Include="Engine\07 Component">
      <UniqueIdentifier>{8691ddc1-077b-4d9c-84b4-c5bb3e6e0aca}</UniqueIdentifier>
    </Filter>
    <Filter Include="Engine\07 Component\Collider">
      <UniqueIdentifier>{334cc998-fa59-4fad-ad50-91fe277ba05d}</UniqueIdentifier>
    </Filter>
    <Filter Include="Engine\08 Module">
      <UniqueIdentifier>{cd2b26ee-5a3a-4faf-9c16-d14916f9054b}</UniqueIdentifier>
    </Filter>
    <Filter Include="Engine\03 Manager\CollisionMgr">
      <UniqueIdentifier>{4cb10447-ed22-4c3a-8291-bd6c7485c771}</UniqueIdentifier>
    </Filter>
    <Filter Include="Engine\03 Manager\EventMgr">
      <UniqueIdentifier>{d2acb395-030b-4039-975a-12e9b9dddaa1}</UniqueIdentifier>
    </Filter>
  </ItemGroup>
  <ItemGroup>
    <ClInclude Include="framework.h">
      <Filter>Default</Filter>
    </ClInclude>
    <ClInclude Include="Resource.h">
      <Filter>Default</Filter>
    </ClInclude>
    <ClInclude Include="targetver.h">
      <Filter>Default</Filter>
    </ClInclude>
    <ClInclude Include="WindowsProject1.h">
      <Filter>Default</Filter>
    </ClInclude>
    <ClInclude Include="CCore.h">
      <Filter>Engine\02 Core</Filter>
    </ClInclude>
    <ClInclude Include="pch.h" />
    <ClInclude Include="define.h">
      <Filter>Engine\01 Header</Filter>
    </ClInclude>
    <ClInclude Include="struct.h">
      <Filter>Engine\01 Header</Filter>
    </ClInclude>
    <ClInclude Include="CObject.h">
      <Filter>Engine\04 Obejct</Filter>
    </ClInclude>
    <ClInclude Include="CKeyManager.h">
      <Filter>Engine\03 Manager\KeyMgr</Filter>
    </ClInclude>
    <ClInclude Include="CTimeManager.h">
      <Filter>Engine\03 Manager\TimeMgr</Filter>
    </ClInclude>
    <ClInclude Include="CScene.h">
      <Filter>Engine\05 Scene</Filter>
    </ClInclude>
    <ClInclude Include="CScene_Start.h">
      <Filter>Engine\05 Scene\Scene_Start</Filter>
    </ClInclude>
    <ClInclude Include="CSceneManager.h">
      <Filter>Engine\03 Manager\SceneMgr</Filter>
    </ClInclude>
    <ClInclude Include="CPlayer.h">
      <Filter>Engine\04 Obejct\Player</Filter>
    </ClInclude>
    <ClInclude Include="CMonster.h">
      <Filter>Engine\04 Obejct\Monster</Filter>
    </ClInclude>
    <ClInclude Include="CMissile.h">
      <Filter>Engine\04 Obejct\Missile</Filter>
    </ClInclude>
    <ClInclude Include="CPathManager.h">
      <Filter>Engine\03 Manager\PathMgr</Filter>
    </ClInclude>
    <ClInclude Include="CRes.h">
      <Filter>Engine\06 Resource</Filter>
    </ClInclude>
    <ClInclude Include="CTexture.h">
      <Filter>Engine\06 Resource\Texture</Filter>
    </ClInclude>
    <ClInclude Include="CResManager.h">
      <Filter>Engine\03 Manager\ResMgr</Filter>
    </ClInclude>
    <ClInclude Include="CCollider.h">
      <Filter>Engine\07 Component\Collider</Filter>
    </ClInclude>
    <ClInclude Include="SelectGDI.h">
      <Filter>Engine\08 Module</Filter>
    </ClInclude>
    <ClInclude Include="CCollisionManager.h">
      <Filter>Engine\03 Manager\CollisionMgr</Filter>
    </ClInclude>
    <ClInclude Include="CEventManager.h">
      <Filter>Engine\03 Manager\EventMgr</Filter>
    </ClInclude>
    <ClInclude Include="func.h">
      <Filter>Engine\01 Header</Filter>
    </ClInclude>
  </ItemGroup>
  <ItemGroup>
    <ClCompile Include="main.cpp" />
    <ClCompile Include="CCore.cpp">
      <Filter>Engine\02 Core</Filter>
    </ClCompile>
    <ClCompile Include="CObject.cpp">
      <Filter>Engine\04 Obejct</Filter>
    </ClCompile>
    <ClCompile Include="CKeyManager.cpp">
      <Filter>Engine\03 Manager\KeyMgr</Filter>
    </ClCompile>
    <ClCompile Include="CTimeManager.cpp">
      <Filter>Engine\03 Manager\TimeMgr</Filter>
    </ClCompile>
    <ClCompile Include="CScene.cpp">
      <Filter>Engine\05 Scene</Filter>
    </ClCompile>
    <ClCompile Include="CScene_Start.cpp">
      <Filter>Engine\05 Scene\Scene_Start</Filter>
    </ClCompile>
    <ClCompile Include="CSceneManager.cpp">
      <Filter>Engine\03 Manager\SceneMgr</Filter>
    </ClCompile>
    <ClCompile Include="CPlayer.cpp">
      <Filter>Engine\04 Obejct\Player</Filter>
    </ClCompile>
    <ClCompile Include="CMonster.cpp">
      <Filter>Engine\04 Obejct\Monster</Filter>
    </ClCompile>
    <ClCompile Include="CMissile.cpp">
      <Filter>Engine\04 Obejct\Missile</Filter>
    </ClCompile>
    <ClCompile Include="CPathManager.cpp">
      <Filter>Engine\03 Manager\PathMgr</Filter>
    </ClCompile>
    <ClCompile Include="CRes.cpp">
      <Filter>Engine\06 Resource</Filter>
    </ClCompile>
    <ClCompile Include="CTexture.cpp">
      <Filter>Engine\06 Resource\Texture</Filter>
    </ClCompile>
    <ClCompile Include="CResManager.cpp">
      <Filter>Engine\03 Manager\ResMgr</Filter>
    </ClCompile>
    <ClCompile Include="CCollider.cpp">
      <Filter>Engine\07 Component\Collider</Filter>
    </ClCompile>
    <ClCompile Include="SelectGDI.cpp">
      <Filter>Engine\08 Module</Filter>
    </ClCompile>
    <ClCompile Include="CCollisionManager.cpp">
      <Filter>Engine\03 Manager\CollisionMgr</Filter>
    </ClCompile>
    <ClCompile Include="CEventManager.cpp">
      <Filter>Engine\03 Manager\EventMgr</Filter>
    </ClCompile>
    <ClCompile Include="func.cpp">
      <Filter>Engine\01 Header</Filter>
    </ClCompile>
  </ItemGroup>
  <ItemGroup>
    <ResourceCompile Include="WindowsProject1.rc">
      <Filter>Default\리소스 파일</Filter>
    </ResourceCompile>
  </ItemGroup>
  <ItemGroup>
    <Image Include="small.ico">
      <Filter>Default\리소스 파일</Filter>
    </Image>
    <Image Include="WindowsProject1.ico">
      <Filter>Default\리소스 파일</Filter>
    </Image>
  </ItemGroup>
</Project>